
Microsoft Visual Studio Solution File, Format Version 12.00
# Visual Studio Version 17
VisualStudioVersion = 17.5.002.0
MinimumVisualStudioVersion = 10.0.40219.1
Project("{9A19103F-16F7-4668-BE54-9A1E7A4F7556}") = "RazorPagesMovie", "RazorPagesMovie.csproj", "{6E3B0156-76F3-43D6-AB4F-D3D558FA2B0E}"
EndProject
Global
	GlobalSection(SolutionConfigurationPlatforms) = preSolution
		Debug|Any CPU = Debug|Any CPU
		Release|Any CPU = Release|Any CPU
	EndGlobalSection
	GlobalSection(ProjectConfigurationPlatforms) = postSolution
		{6E3B0156-76F3-43D6-AB4F-D3D558FA2B0E}.Debug|Any CPU.ActiveCfg = Debug|Any CPU
		{6E3B0156-76F3-43D6-AB4F-D3D558FA2B0E}.Debug|Any CPU.Build.0 = Debug|Any CPU
		{6E3B0156-76F3-43D6-AB4F-D3D558FA2B0E}.Release|Any CPU.ActiveCfg = Release|Any CPU
		{6E3B0156-76F3-43D6-AB4F-D3D558FA2B0E}.Release|Any CPU.Build.0 = Release|Any CPU
	EndGlobalSection
	GlobalSection(SolutionProperties) = preSolution
		HideSolutionNode = FALSE
	EndGlobalSection
	GlobalSection(ExtensibilityGlobals) = postSolution
		SolutionGuid = {60857B00-6651-4F33-A3A4-8DC01CC754A4}
	EndGlobalSection
EndGlobal
